
Microsoft Visual Studio Solution File, Format Version 12.00
# Visual Studio 15
VisualStudioVersion = 15.0.28124.53
MinimumVisualStudioVersion = 10.0.40219.1
Project("{8BC9CEB8-8B4A-11D0-8D11-00A0C91BC942}") = "Win32_Analysis", "Win32_Analysis\Win32_Analysis.vcxproj", "{119A547F-70F4-4493-9548-CD2A1C1B4A64}"
EndProject
Global
	GlobalSection(SolutionConfigurationPlatforms) = preSolution
		Debug|x64 = Debug|x64
		Debug|x86 = Debug|x86
		Release|x64 = Release|x64
		Release|x86 = Release|x86
	EndGlobalSection
	GlobalSection(ProjectConfigurationPlatforms) = postSolution
		{119A547F-70F4-4493-9548-CD2A1C1B4A64}.Debug|x64.ActiveCfg = Debug|x64
		{119A547F-70F4-4493-9548-CD2A1C1B4A64}.Debug|x64.Build.0 = Debug|x64
		{119A547F-70F4-4493-9548-CD2A1C1B4A64}.Debug|x86.ActiveCfg = Debug|Win32
		{119A547F-70F4-4493-9548-CD2A1C1B4A64}.Debug|x86.Build.0 = Debug|Win32
		{119A547F-70F4-4493-9548-CD2A1C1B4A64}.Release|x64.ActiveCfg = Release|x64
		{119A547F-70F4-4493-9548-CD2A1C1B4A64}.Release|x64.Build.0 = Release|x64
		{119A547F-70F4-4493-9548-CD2A1C1B4A64}.Release|x86.ActiveCfg = Release|Win32
		{119A547F-70F4-4493-9548-CD2A1C1B4A64}.Release|x86.Build.0 = Release|Win32
	EndGlobalSection
	GlobalSection(SolutionProperties) = preSolution
		HideSolutionNode = FALSE
	EndGlobalSection
	GlobalSection(ExtensibilityGlobals) = postSolution
		SolutionGuid = {6847FBBA-08D5-463E-83FD-406C686CA09F}
	EndGlobalSection
EndGlobal
