
Microsoft Visual Studio Solution File, Format Version 12.00
# Visual Studio 15
VisualStudioVersion = 15.0.28124.53
MinimumVisualStudioVersion = 10.0.40219.1
Project("{8BC9CEB8-8B4A-11D0-8D11-00A0C91BC942}") = "CrackMe_1", "CrackMe_1\CrackMe_1.vcxproj", "{190BCA81-A712-405E-83A4-4DCAAF9357B1}"
EndProject
Global
	GlobalSection(SolutionConfigurationPlatforms) = preSolution
		Debug|x64 = Debug|x64
		Debug|x86 = Debug|x86
		Release|x64 = Release|x64
		Release|x86 = Release|x86
	EndGlobalSection
	GlobalSection(ProjectConfigurationPlatforms) = postSolution
		{190BCA81-A712-405E-83A4-4DCAAF9357B1}.Debug|x64.ActiveCfg = Debug|x64
		{190BCA81-A712-405E-83A4-4DCAAF9357B1}.Debug|x64.Build.0 = Debug|x64
		{190BCA81-A712-405E-83A4-4DCAAF9357B1}.Debug|x86.ActiveCfg = Debug|Win32
		{190BCA81-A712-405E-83A4-4DCAAF9357B1}.Debug|x86.Build.0 = Debug|Win32
		{190BCA81-A712-405E-83A4-4DCAAF9357B1}.Release|x64.ActiveCfg = Release|x64
		{190BCA81-A712-405E-83A4-4DCAAF9357B1}.Release|x64.Build.0 = Release|x64
		{190BCA81-A712-405E-83A4-4DCAAF9357B1}.Release|x86.ActiveCfg = Release|Win32
		{190BCA81-A712-405E-83A4-4DCAAF9357B1}.Release|x86.Build.0 = Release|Win32
	EndGlobalSection
	GlobalSection(SolutionProperties) = preSolution
		HideSolutionNode = FALSE
	EndGlobalSection
	GlobalSection(ExtensibilityGlobals) = postSolution
		SolutionGuid = {19E1AB8F-0BCC-4E27-B5BB-5B370372D52F}
	EndGlobalSection
EndGlobal
